
Microsoft Visual Studio Solution File, Format Version 12.00
# Visual Studio 2013
VisualStudioVersion = 12.0.31101.0
MinimumVisualStudioVersion = 10.0.40219.1
Project("{FAE04EC0-301F-11D3-BF4B-00C04F79EFBC}") = "QueryPerformanceComparer", "QueryPerformanceComparer\QueryPerformanceComparer.csproj", "{0804A727-28D5-4B9E-8895-BF8118B7DBF6}"
EndProject
Project("{FAE04EC0-301F-11D3-BF4B-00C04F79EFBC}") = "QuerySessionSummaryControl", "QuerySessionSummaryControl\QuerySessionSummaryControl.csproj", "{4C937918-5EA4-486C-A265-87FEF98C1E06}"
EndProject
Project("{FAE04EC0-301F-11D3-BF4B-00C04F79EFBC}") = "WebClientPerfLib", "WebClientPerfLib\WebClientPerfLib.csproj", "{6571FFA3-DFB6-4ED8-8321-39B22C3F59E9}"
EndProject
Project("{FAE04EC0-301F-11D3-BF4B-00C04F79EFBC}") = "WebClientPerfLib.Tests", "WebClientPerfLib.Tests\WebClientPerfLib.Tests.csproj", "{F5181BDD-3BC1-430C-9547-9153CCCA210A}"
EndProject
Project("{FAE04EC0-301F-11D3-BF4B-00C04F79EFBC}") = "QuerySessionSummaryLib", "QuerySessionSummaryLib\QuerySessionSummaryLib.csproj", "{1A30F2C9-AE44-4912-AA9D-B4F9A0D72599}"
EndProject
Project("{FAE04EC0-301F-11D3-BF4B-00C04F79EFBC}") = "QueryPerformance.Interfaces", "QueryPerformance.Interfaces\QueryPerformance.Interfaces.csproj", "{69942088-5E4C-4A39-81B0-CFA17104C073}"
EndProject
Project("{FAE04EC0-301F-11D3-BF4B-00C04F79EFBC}") = "QueryPerformance.DefaultPlugins", "QueryPerformance.DefaultPlugins\QueryPerformance.DefaultPlugins.csproj", "{C8513865-FDFE-44BB-B579-5FF0DE488643}"
EndProject
Project("{FAE04EC0-301F-11D3-BF4B-00C04F79EFBC}") = "QueryPerformance.ThreadedPerformanceSessionPlugin", "BillProcessorServicePlugin\QueryPerformance.ThreadedPerformanceSessionPlugin.csproj", "{BC6A5AC8-BCBC-4EB0-AA07-DF7AE4D47F31}"
EndProject
Project("{FAE04EC0-301F-11D3-BF4B-00C04F79EFBC}") = "TLC.Plugins", "TLC.Plugins\TLC.Plugins.csproj", "{B5E0C973-E58D-4CB9-9C75-C290C4C61CE0}"
EndProject
Project("{FAE04EC0-301F-11D3-BF4B-00C04F79EFBC}") = "QueryPerformance.Utilities", "QueryPerformance.Utilities\QueryPerformance.Utilities.csproj", "{29723B8B-D618-4F78-BE55-FAF34DBBF8DF}"
EndProject
Global
	GlobalSection(SolutionConfigurationPlatforms) = preSolution
		Debug|Any CPU = Debug|Any CPU
		Release|Any CPU = Release|Any CPU
	EndGlobalSection
	GlobalSection(ProjectConfigurationPlatforms) = postSolution
		{0804A727-28D5-4B9E-8895-BF8118B7DBF6}.Debug|Any CPU.ActiveCfg = Debug|Any CPU
		{0804A727-28D5-4B9E-8895-BF8118B7DBF6}.Debug|Any CPU.Build.0 = Debug|Any CPU
		{0804A727-28D5-4B9E-8895-BF8118B7DBF6}.Release|Any CPU.ActiveCfg = Release|Any CPU
		{0804A727-28D5-4B9E-8895-BF8118B7DBF6}.Release|Any CPU.Build.0 = Release|Any CPU
		{4C937918-5EA4-486C-A265-87FEF98C1E06}.Debug|Any CPU.ActiveCfg = Debug|Any CPU
		{4C937918-5EA4-486C-A265-87FEF98C1E06}.Debug|Any CPU.Build.0 = Debug|Any CPU
		{4C937918-5EA4-486C-A265-87FEF98C1E06}.Release|Any CPU.ActiveCfg = Release|Any CPU
		{4C937918-5EA4-486C-A265-87FEF98C1E06}.Release|Any CPU.Build.0 = Release|Any CPU
		{6571FFA3-DFB6-4ED8-8321-39B22C3F59E9}.Debug|Any CPU.ActiveCfg = Debug|Any CPU
		{6571FFA3-DFB6-4ED8-8321-39B22C3F59E9}.Debug|Any CPU.Build.0 = Debug|Any CPU
		{6571FFA3-DFB6-4ED8-8321-39B22C3F59E9}.Release|Any CPU.ActiveCfg = Release|Any CPU
		{6571FFA3-DFB6-4ED8-8321-39B22C3F59E9}.Release|Any CPU.Build.0 = Release|Any CPU
		{F5181BDD-3BC1-430C-9547-9153CCCA210A}.Debug|Any CPU.ActiveCfg = Debug|Any CPU
		{F5181BDD-3BC1-430C-9547-9153CCCA210A}.Debug|Any CPU.Build.0 = Debug|Any CPU
		{F5181BDD-3BC1-430C-9547-9153CCCA210A}.Release|Any CPU.ActiveCfg = Release|Any CPU
		{F5181BDD-3BC1-430C-9547-9153CCCA210A}.Release|Any CPU.Build.0 = Release|Any CPU
		{1A30F2C9-AE44-4912-AA9D-B4F9A0D72599}.Debug|Any CPU.ActiveCfg = Debug|Any CPU
		{1A30F2C9-AE44-4912-AA9D-B4F9A0D72599}.Debug|Any CPU.Build.0 = Debug|Any CPU
		{1A30F2C9-AE44-4912-AA9D-B4F9A0D72599}.Release|Any CPU.ActiveCfg = Release|Any CPU
		{1A30F2C9-AE44-4912-AA9D-B4F9A0D72599}.Release|Any CPU.Build.0 = Release|Any CPU
		{69942088-5E4C-4A39-81B0-CFA17104C073}.Debug|Any CPU.ActiveCfg = Debug|Any CPU
		{69942088-5E4C-4A39-81B0-CFA17104C073}.Debug|Any CPU.Build.0 = Debug|Any CPU
		{69942088-5E4C-4A39-81B0-CFA17104C073}.Release|Any CPU.ActiveCfg = Release|Any CPU
		{69942088-5E4C-4A39-81B0-CFA17104C073}.Release|Any CPU.Build.0 = Release|Any CPU
		{C8513865-FDFE-44BB-B579-5FF0DE488643}.Debug|Any CPU.ActiveCfg = Debug|Any CPU
		{C8513865-FDFE-44BB-B579-5FF0DE488643}.Debug|Any CPU.Build.0 = Debug|Any CPU
		{C8513865-FDFE-44BB-B579-5FF0DE488643}.Release|Any CPU.ActiveCfg = Release|Any CPU
		{C8513865-FDFE-44BB-B579-5FF0DE488643}.Release|Any CPU.Build.0 = Release|Any CPU
		{BC6A5AC8-BCBC-4EB0-AA07-DF7AE4D47F31}.Debug|Any CPU.ActiveCfg = Debug|Any CPU
		{BC6A5AC8-BCBC-4EB0-AA07-DF7AE4D47F31}.Debug|Any CPU.Build.0 = Debug|Any CPU
		{BC6A5AC8-BCBC-4EB0-AA07-DF7AE4D47F31}.Release|Any CPU.ActiveCfg = Release|Any CPU
		{BC6A5AC8-BCBC-4EB0-AA07-DF7AE4D47F31}.Release|Any CPU.Build.0 = Release|Any CPU
		{B5E0C973-E58D-4CB9-9C75-C290C4C61CE0}.Debug|Any CPU.ActiveCfg = Debug|Any CPU
		{B5E0C973-E58D-4CB9-9C75-C290C4C61CE0}.Debug|Any CPU.Build.0 = Debug|Any CPU
		{B5E0C973-E58D-4CB9-9C75-C290C4C61CE0}.Release|Any CPU.ActiveCfg = Release|Any CPU
		{B5E0C973-E58D-4CB9-9C75-C290C4C61CE0}.Release|Any CPU.Build.0 = Release|Any CPU
		{29723B8B-D618-4F78-BE55-FAF34DBBF8DF}.Debug|Any CPU.ActiveCfg = Debug|Any CPU
		{29723B8B-D618-4F78-BE55-FAF34DBBF8DF}.Debug|Any CPU.Build.0 = Debug|Any CPU
		{29723B8B-D618-4F78-BE55-FAF34DBBF8DF}.Release|Any CPU.ActiveCfg = Release|Any CPU
		{29723B8B-D618-4F78-BE55-FAF34DBBF8DF}.Release|Any CPU.Build.0 = Release|Any CPU
	EndGlobalSection
	GlobalSection(SolutionProperties) = preSolution
		HideSolutionNode = FALSE
	EndGlobalSection
EndGlobal
